
Microsoft Visual Studio Solution File, Format Version 12.00
# Visual Studio Version 17
VisualStudioVersion = 17.4.33122.133
MinimumVisualStudioVersion = 10.0.40219.1
Project("{FAE04EC0-301F-11D3-BF4B-00C04F79EFBC}") = "Backend", "Backend.csproj", "{09411D00-4304-4E36-B039-726376106031}"
EndProject
Global
	GlobalSection(SolutionConfigurationPlatforms) = preSolution
		Debug|Any CPU = Debug|Any CPU
		Release|Any CPU = Release|Any CPU
	EndGlobalSection
	GlobalSection(ProjectConfigurationPlatforms) = postSolution
		{09411D00-4304-4E36-B039-726376106031}.Debug|Any CPU.ActiveCfg = Debug|Any CPU
		{09411D00-4304-4E36-B039-726376106031}.Debug|Any CPU.Build.0 = Debug|Any CPU
		{09411D00-4304-4E36-B039-726376106031}.Release|Any CPU.ActiveCfg = Release|Any CPU
		{09411D00-4304-4E36-B039-726376106031}.Release|Any CPU.Build.0 = Release|Any CPU
	EndGlobalSection
	GlobalSection(SolutionProperties) = preSolution
		HideSolutionNode = FALSE
	EndGlobalSection
	GlobalSection(ExtensibilityGlobals) = postSolution
		SolutionGuid = {DC1A55E8-189C-4031-AC10-C46464DC21B6}
	EndGlobalSection
EndGlobal
